
Microsoft Visual Studio Solution File, Format Version 12.00
# Visual Studio Version 16
VisualStudioVersion = 16.0.29519.87
MinimumVisualStudioVersion = 10.0.40219.1
Project("{9A19103F-16F7-4668-BE54-9A1E7A4F7556}") = "CodeLab", "CodeLab.csproj", "{6E9302B8-7792-43A4-A4A4-1F5E8F371780}"
EndProject
Global
	GlobalSection(SolutionConfigurationPlatforms) = preSolution
		Debug|Any CPU = Debug|Any CPU
		FastDebug|Any CPU = FastDebug|Any CPU
		Release|Any CPU = Release|Any CPU
	EndGlobalSection
	GlobalSection(ProjectConfigurationPlatforms) = postSolution
		{6E9302B8-7792-43A4-A4A4-1F5E8F371780}.Debug|Any CPU.ActiveCfg = Debug|Any CPU
		{6E9302B8-7792-43A4-A4A4-1F5E8F371780}.Debug|Any CPU.Build.0 = Debug|Any CPU
		{6E9302B8-7792-43A4-A4A4-1F5E8F371780}.FastDebug|Any CPU.ActiveCfg = FastDebug|Any CPU
		{6E9302B8-7792-43A4-A4A4-1F5E8F371780}.FastDebug|Any CPU.Build.0 = FastDebug|Any CPU
		{6E9302B8-7792-43A4-A4A4-1F5E8F371780}.Release|Any CPU.ActiveCfg = Release|Any CPU
		{6E9302B8-7792-43A4-A4A4-1F5E8F371780}.Release|Any CPU.Build.0 = Release|Any CPU
	EndGlobalSection
	GlobalSection(SolutionProperties) = preSolution
		HideSolutionNode = FALSE
	EndGlobalSection
	GlobalSection(ExtensibilityGlobals) = postSolution
		SolutionGuid = {2D111C58-1D45-4E3D-8BE5-95BFACAFDF7B}
	EndGlobalSection
EndGlobal
